
Microsoft Visual Studio Solution File, Format Version 12.00
# Visual Studio Version 17
VisualStudioVersion = 17.4.33122.133
MinimumVisualStudioVersion = 10.0.40219.1
Project("{FAE04EC0-301F-11D3-BF4B-00C04F79EFBC}") = "ClotheBazaar", "ClotheBazaar\ClotheBazaar.csproj", "{74F1D3B8-9ED1-4F5F-A271-CC7E8B7618A1}"
EndProject
Global
	GlobalSection(SolutionConfigurationPlatforms) = preSolution
		Debug|Any CPU = Debug|Any CPU
		Release|Any CPU = Release|Any CPU
	EndGlobalSection
	GlobalSection(ProjectConfigurationPlatforms) = postSolution
		{74F1D3B8-9ED1-4F5F-A271-CC7E8B7618A1}.Debug|Any CPU.ActiveCfg = Debug|Any CPU
		{74F1D3B8-9ED1-4F5F-A271-CC7E8B7618A1}.Debug|Any CPU.Build.0 = Debug|Any CPU
		{74F1D3B8-9ED1-4F5F-A271-CC7E8B7618A1}.Release|Any CPU.ActiveCfg = Release|Any CPU
		{74F1D3B8-9ED1-4F5F-A271-CC7E8B7618A1}.Release|Any CPU.Build.0 = Release|Any CPU
	EndGlobalSection
	GlobalSection(SolutionProperties) = preSolution
		HideSolutionNode = FALSE
	EndGlobalSection
	GlobalSection(ExtensibilityGlobals) = postSolution
		SolutionGuid = {D30FCEFA-3A26-4F16-A298-C7F71F3D064D}
	EndGlobalSection
EndGlobal
